
Microsoft Visual Studio Solution File, Format Version 12.00
# Visual Studio Version 17
VisualStudioVersion = 17.3.32922.545
MinimumVisualStudioVersion = 10.0.40219.1
Project("{E24C65DC-7377-472B-9ABA-BC803B73C61A}") = "ToDoWeb", ".", "{F67395C7-5B7B-484F-B517-98D0E1E4BE5B}"
	ProjectSection(WebsiteProperties) = preProject
		TargetFrameworkMoniker = ".NETFramework,Version%3Dv4.8"
		Debug.AspNetCompiler.VirtualPath = "/localhost_64027"
		Debug.AspNetCompiler.PhysicalPath = "..\ToDoWeb\"
		Debug.AspNetCompiler.TargetPath = "PrecompiledWeb\localhost_64027\"
		Debug.AspNetCompiler.Updateable = "true"
		Debug.AspNetCompiler.ForceOverwrite = "true"
		Debug.AspNetCompiler.FixedNames = "false"
		Debug.AspNetCompiler.Debug = "True"
		Release.AspNetCompiler.VirtualPath = "/localhost_64027"
		Release.AspNetCompiler.PhysicalPath = "..\ToDoWeb\"
		Release.AspNetCompiler.TargetPath = "PrecompiledWeb\localhost_64027\"
		Release.AspNetCompiler.Updateable = "true"
		Release.AspNetCompiler.ForceOverwrite = "true"
		Release.AspNetCompiler.FixedNames = "false"
		Release.AspNetCompiler.Debug = "False"
		VWDPort = "64027"
		SlnRelativePath = "..\ToDoWeb\"
	EndProjectSection
EndProject
Project("{9A19103F-16F7-4668-BE54-9A1E7A4F7556}") = "ToDoAPI", "..\ToDoAPI\ToDoAPI.csproj", "{640D4E36-BF7B-4364-B5E1-611C4BCC6F05}"
EndProject
Project("{E24C65DC-7377-472B-9ABA-BC803B73C61A}") = "ToDoReact", "..\ToDoReact\", "{C5ECCE5C-F9D2-4AAF-AAD7-2838AAE0926C}"
	ProjectSection(WebsiteProperties) = preProject
		TargetFrameworkMoniker = ".NETFramework,Version%3Dv4.8"
		Debug.AspNetCompiler.VirtualPath = "/localhost_61891"
		Debug.AspNetCompiler.PhysicalPath = "..\ToDoReact\"
		Debug.AspNetCompiler.TargetPath = "PrecompiledWeb\localhost_61891\"
		Debug.AspNetCompiler.Updateable = "true"
		Debug.AspNetCompiler.ForceOverwrite = "true"
		Debug.AspNetCompiler.FixedNames = "false"
		Debug.AspNetCompiler.Debug = "True"
		Release.AspNetCompiler.VirtualPath = "/localhost_61891"
		Release.AspNetCompiler.PhysicalPath = "..\ToDoReact\"
		Release.AspNetCompiler.TargetPath = "PrecompiledWeb\localhost_61891\"
		Release.AspNetCompiler.Updateable = "true"
		Release.AspNetCompiler.ForceOverwrite = "true"
		Release.AspNetCompiler.FixedNames = "false"
		Release.AspNetCompiler.Debug = "False"
		VWDPort = "61891"
	EndProjectSection
EndProject
Global
	GlobalSection(SolutionConfigurationPlatforms) = preSolution
		Debug|Any CPU = Debug|Any CPU
		Release|Any CPU = Release|Any CPU
	EndGlobalSection
	GlobalSection(ProjectConfigurationPlatforms) = postSolution
		{F67395C7-5B7B-484F-B517-98D0E1E4BE5B}.Debug|Any CPU.ActiveCfg = Debug|Any CPU
		{F67395C7-5B7B-484F-B517-98D0E1E4BE5B}.Debug|Any CPU.Build.0 = Debug|Any CPU
		{F67395C7-5B7B-484F-B517-98D0E1E4BE5B}.Release|Any CPU.ActiveCfg = Debug|Any CPU
		{F67395C7-5B7B-484F-B517-98D0E1E4BE5B}.Release|Any CPU.Build.0 = Debug|Any CPU
		{640D4E36-BF7B-4364-B5E1-611C4BCC6F05}.Debug|Any CPU.ActiveCfg = Debug|Any CPU
		{640D4E36-BF7B-4364-B5E1-611C4BCC6F05}.Debug|Any CPU.Build.0 = Debug|Any CPU
		{640D4E36-BF7B-4364-B5E1-611C4BCC6F05}.Release|Any CPU.ActiveCfg = Release|Any CPU
		{640D4E36-BF7B-4364-B5E1-611C4BCC6F05}.Release|Any CPU.Build.0 = Release|Any CPU
		{C5ECCE5C-F9D2-4AAF-AAD7-2838AAE0926C}.Debug|Any CPU.ActiveCfg = Debug|Any CPU
		{C5ECCE5C-F9D2-4AAF-AAD7-2838AAE0926C}.Debug|Any CPU.Build.0 = Debug|Any CPU
		{C5ECCE5C-F9D2-4AAF-AAD7-2838AAE0926C}.Release|Any CPU.ActiveCfg = Debug|Any CPU
		{C5ECCE5C-F9D2-4AAF-AAD7-2838AAE0926C}.Release|Any CPU.Build.0 = Debug|Any CPU
	EndGlobalSection
	GlobalSection(SolutionProperties) = preSolution
		HideSolutionNode = FALSE
	EndGlobalSection
	GlobalSection(ExtensibilityGlobals) = postSolution
		SolutionGuid = {D00D9A4E-6CA9-411E-8B10-6EBAED410E3B}
	EndGlobalSection
EndGlobal
